// !$*UTF8*$!
{
	archiveVersion = 1;
	classes = {
	};
	objectVersion = 77;
	objects = {

/* Begin PBXBuildFile section */
		DF81BF7C2D92BF3D00923AE2 /* Fichier.pdf in Resources */ = {isa = PBXBuildFile; fileRef = DF81BF7B2D92BF3D00923AE2 /* Fichier.pdf */; };
		DFF4FF3E2D898E080006198E /* EditPdfPanelView.xib in Resources */ = {isa = PBXBuildFile; fileRef = DFF4FF3B2D898E080006198E /* EditPdfPanelView.xib */; };
		DFF4FF3F2D898E080006198E /* EditPdfPanelViewController.m in Sources */ = {isa = PBXBuildFile; fileRef = DFF4FF3D2D898E080006198E /* EditPdfPanelViewController.m */; };
		DFF4FF432D898E5F0006198E /* PSPDFKit in Frameworks */ = {isa = PBXBuildFile; productRef = DFF4FF422D898E5F0006198E /* PSPDFKit */; };
/* End PBXBuildFile section */

/* Begin PBXContainerItemProxy section */
		DFF4FF1F2D898DE40006198E /* PBXContainerItemProxy */ = {
			isa = PBXContainerItemProxy;
			containerPortal = DFF4FF052D898DE20006198E /* Project object */;
			proxyType = 1;
			remoteGlobalIDString = DFF4FF0C2D898DE20006198E;
			remoteInfo = dev;
		};
		DFF4FF292D898DE40006198E /* PBXContainerItemProxy */ = {
			isa = PBXContainerItemProxy;
			containerPortal = DFF4FF052D898DE20006198E /* Project object */;
			proxyType = 1;
			remoteGlobalIDString = DFF4FF0C2D898DE20006198E;
			remoteInfo = dev;
		};
/* End PBXContainerItemProxy section */

/* Begin PBXFileReference section */
		DF81BF7B2D92BF3D00923AE2 /* Fichier.pdf */ = {isa = PBXFileReference; lastKnownFileType = image.pdf; path = Fichier.pdf; sourceTree = "<group>"; };
		DFF4FF0D2D898DE30006198E /* dev.app */ = {isa = PBXFileReference; explicitFileType = wrapper.application; includeInIndex = 0; path = dev.app; sourceTree = BUILT_PRODUCTS_DIR; };
		DFF4FF1E2D898DE40006198E /* devTests.xctest */ = {isa = PBXFileReference; explicitFileType = wrapper.cfbundle; includeInIndex = 0; path = devTests.xctest; sourceTree = BUILT_PRODUCTS_DIR; };
		DFF4FF282D898DE40006198E /* devUITests.xctest */ = {isa = PBXFileReference; explicitFileType = wrapper.cfbundle; includeInIndex = 0; path = devUITests.xctest; sourceTree = BUILT_PRODUCTS_DIR; };
		DFF4FF3B2D898E080006198E /* EditPdfPanelView.xib */ = {isa = PBXFileReference; lastKnownFileType = file.xib; path = EditPdfPanelView.xib; sourceTree = "<group>"; };
		DFF4FF3C2D898E080006198E /* EditPdfPanelViewController.h */ = {isa = PBXFileReference; lastKnownFileType = sourcecode.c.h; path = EditPdfPanelViewController.h; sourceTree = "<group>"; };
		DFF4FF3D2D898E080006198E /* EditPdfPanelViewController.m */ = {isa = PBXFileReference; lastKnownFileType = sourcecode.c.objc; path = EditPdfPanelViewController.m; sourceTree = "<group>"; };
		DFF4FF402D898E0A0006198E /* dev-Bridging-Header.h */ = {isa = PBXFileReference; lastKnownFileType = sourcecode.c.h; path = "dev-Bridging-Header.h"; sourceTree = "<group>"; };
/* End PBXFileReference section */

/* Begin PBXFileSystemSynchronizedRootGroup section */
		DFF4FF0F2D898DE30006198E /* dev */ = {
			isa = PBXFileSystemSynchronizedRootGroup;
			path = dev;
			sourceTree = "<group>";
		};
		DFF4FF212D898DE40006198E /* devTests */ = {
			isa = PBXFileSystemSynchronizedRootGroup;
			path = devTests;
			sourceTree = "<group>";
		};
		DFF4FF2B2D898DE40006198E /* devUITests */ = {
			isa = PBXFileSystemSynchronizedRootGroup;
			path = devUITests;
			sourceTree = "<group>";
		};
/* End PBXFileSystemSynchronizedRootGroup section */

/* Begin PBXFrameworksBuildPhase section */
		DFF4FF0A2D898DE20006198E /* Frameworks */ = {
			isa = PBXFrameworksBuildPhase;
			buildActionMask = 2147483647;
			files = (
				DFF4FF432D898E5F0006198E /* PSPDFKit in Frameworks */,
			);
			runOnlyForDeploymentPostprocessing = 0;
		};
		DFF4FF1B2D898DE40006198E /* Frameworks */ = {
			isa = PBXFrameworksBuildPhase;
			buildActionMask = 2147483647;
			files = (
			);
			runOnlyForDeploymentPostprocessing = 0;
		};
		DFF4FF252D898DE40006198E /* Frameworks */ = {
			isa = PBXFrameworksBuildPhase;
			buildActionMask = 2147483647;
			files = (
			);
			runOnlyForDeploymentPostprocessing = 0;
		};
/* End PBXFrameworksBuildPhase section */

/* Begin PBXGroup section */
		DFF4FF042D898DE20006198E = {
			isa = PBXGroup;
			children = (
				DFF4FF3B2D898E080006198E /* EditPdfPanelView.xib */,
				DFF4FF3C2D898E080006198E /* EditPdfPanelViewController.h */,
				DFF4FF3D2D898E080006198E /* EditPdfPanelViewController.m */,
				DF81BF7B2D92BF3D00923AE2 /* Fichier.pdf */,
				DFF4FF0F2D898DE30006198E /* dev */,
				DFF4FF212D898DE40006198E /* devTests */,
				DFF4FF2B2D898DE40006198E /* devUITests */,
				DFF4FF0E2D898DE30006198E /* Products */,
				DFF4FF402D898E0A0006198E /* dev-Bridging-Header.h */,
			);
			sourceTree = "<group>";
		};
		DFF4FF0E2D898DE30006198E /* Products */ = {
			isa = PBXGroup;
			children = (
				DFF4FF0D2D898DE30006198E /* dev.app */,
				DFF4FF1E2D898DE40006198E /* devTests.xctest */,
				DFF4FF282D898DE40006198E /* devUITests.xctest */,
			);
			name = Products;
			sourceTree = "<group>";
		};
/* End PBXGroup section */

/* Begin PBXNativeTarget section */
		DFF4FF0C2D898DE20006198E /* dev */ = {
			isa = PBXNativeTarget;
			buildConfigurationList = DFF4FF322D898DE40006198E /* Build configuration list for PBXNativeTarget "dev" */;
			buildPhases = (
				DFF4FF092D898DE20006198E /* Sources */,
				DFF4FF0A2D898DE20006198E /* Frameworks */,
				DFF4FF0B2D898DE20006198E /* Resources */,
			);
			buildRules = (
			);
			dependencies = (
			);
			fileSystemSynchronizedGroups = (
				DFF4FF0F2D898DE30006198E /* dev */,
			);
			name = dev;
			packageProductDependencies = (
				DFF4FF422D898E5F0006198E /* PSPDFKit */,
			);
			productName = dev;
			productReference = DFF4FF0D2D898DE30006198E /* dev.app */;
			productType = "com.apple.product-type.application";
		};
		DFF4FF1D2D898DE40006198E /* devTests */ = {
			isa = PBXNativeTarget;
			buildConfigurationList = DFF4FF352D898DE40006198E /* Build configuration list for PBXNativeTarget "devTests" */;
			buildPhases = (
				DFF4FF1A2D898DE40006198E /* Sources */,
				DFF4FF1B2D898DE40006198E /* Frameworks */,
				DFF4FF1C2D898DE40006198E /* Resources */,
			);
			buildRules = (
			);
			dependencies = (
				DFF4FF202D898DE40006198E /* PBXTargetDependency */,
			);
			fileSystemSynchronizedGroups = (
				DFF4FF212D898DE40006198E /* devTests */,
			);
			name = devTests;
			packageProductDependencies = (
			);
			productName = devTests;
			productReference = DFF4FF1E2D898DE40006198E /* devTests.xctest */;
			productType = "com.apple.product-type.bundle.unit-test";
		};
		DFF4FF272D898DE40006198E /* devUITests */ = {
			isa = PBXNativeTarget;
			buildConfigurationList = DFF4FF382D898DE40006198E /* Build configuration list for PBXNativeTarget "devUITests" */;
			buildPhases = (
				DFF4FF242D898DE40006198E /* Sources */,
				DFF4FF252D898DE40006198E /* Frameworks */,
				DFF4FF262D898DE40006198E /* Resources */,
			);
			buildRules = (
			);
			dependencies = (
				DFF4FF2A2D898DE40006198E /* PBXTargetDependency */,
			);
			fileSystemSynchronizedGroups = (
				DFF4FF2B2D898DE40006198E /* devUITests */,
			);
			name = devUITests;
			packageProductDependencies = (
			);
			productName = devUITests;
			productReference = DFF4FF282D898DE40006198E /* devUITests.xctest */;
			productType = "com.apple.product-type.bundle.ui-testing";
		};
/* End PBXNativeTarget section */

/* Begin PBXProject section */
		DFF4FF052D898DE20006198E /* Project object */ = {
			isa = PBXProject;
			attributes = {
				BuildIndependentTargetsInParallel = 1;
				LastSwiftUpdateCheck = 1620;
				LastUpgradeCheck = 1620;
				TargetAttributes = {
					DFF4FF0C2D898DE20006198E = {
						CreatedOnToolsVersion = 16.2;
						LastSwiftMigration = 1620;
					};
					DFF4FF1D2D898DE40006198E = {
						CreatedOnToolsVersion = 16.2;
						TestTargetID = DFF4FF0C2D898DE20006198E;
					};
					DFF4FF272D898DE40006198E = {
						CreatedOnToolsVersion = 16.2;
						TestTargetID = DFF4FF0C2D898DE20006198E;
					};
				};
			};
			buildConfigurationList = DFF4FF082D898DE20006198E /* Build configuration list for PBXProject "dev" */;
			developmentRegion = en;
			hasScannedForEncodings = 0;
			knownRegions = (
				en,
				Base,
			);
			mainGroup = DFF4FF042D898DE20006198E;
			minimizedProjectReferenceProxies = 1;
			packageReferences = (
				DFF4FF412D898E5F0006198E /* XCRemoteSwiftPackageReference "PSPDFKit-SP" */,
			);
			preferredProjectObjectVersion = 77;
			productRefGroup = DFF4FF0E2D898DE30006198E /* Products */;
			projectDirPath = "";
			projectRoot = "";
			targets = (
				DFF4FF0C2D898DE20006198E /* dev */,
				DFF4FF1D2D898DE40006198E /* devTests */,
				DFF4FF272D898DE40006198E /* devUITests */,
			);
		};
/* End PBXProject section */

/* Begin PBXResourcesBuildPhase section */
		DFF4FF0B2D898DE20006198E /* Resources */ = {
			isa = PBXResourcesBuildPhase;
			buildActionMask = 2147483647;
			files = (
				DF81BF7C2D92BF3D00923AE2 /* Fichier.pdf in Resources */,
				DFF4FF3E2D898E080006198E /* EditPdfPanelView.xib in Resources */,
			);
			runOnlyForDeploymentPostprocessing = 0;
		};
		DFF4FF1C2D898DE40006198E /* Resources */ = {
			isa = PBXResourcesBuildPhase;
			buildActionMask = 2147483647;
			files = (
			);
			runOnlyForDeploymentPostprocessing = 0;
		};
		DFF4FF262D898DE40006198E /* Resources */ = {
			isa = PBXResourcesBuildPhase;
			buildActionMask = 2147483647;
			files = (
			);
			runOnlyForDeploymentPostprocessing = 0;
		};
/* End PBXResourcesBuildPhase section */

/* Begin PBXSourcesBuildPhase section */
		DFF4FF092D898DE20006198E /* Sources */ = {
			isa = PBXSourcesBuildPhase;
			buildActionMask = 2147483647;
			files = (
				DFF4FF3F2D898E080006198E /* EditPdfPanelViewController.m in Sources */,
			);
			runOnlyForDeploymentPostprocessing = 0;
		};
		DFF4FF1A2D898DE40006198E /* Sources */ = {
			isa = PBXSourcesBuildPhase;
			buildActionMask = 2147483647;
			files = (
			);
			runOnlyForDeploymentPostprocessing = 0;
		};
		DFF4FF242D898DE40006198E /* Sources */ = {
			isa = PBXSourcesBuildPhase;
			buildActionMask = 2147483647;
			files = (
			);
			runOnlyForDeploymentPostprocessing = 0;
		};
/* End PBXSourcesBuildPhase section */

/* Begin PBXTargetDependency section */
		DFF4FF202D898DE40006198E /* PBXTargetDependency */ = {
			isa = PBXTargetDependency;
			target = DFF4FF0C2D898DE20006198E /* dev */;
			targetProxy = DFF4FF1F2D898DE40006198E /* PBXContainerItemProxy */;
		};
		DFF4FF2A2D898DE40006198E /* PBXTargetDependency */ = {
			isa = PBXTargetDependency;
			target = DFF4FF0C2D898DE20006198E /* dev */;
			targetProxy = DFF4FF292D898DE40006198E /* PBXContainerItemProxy */;
		};
/* End PBXTargetDependency section */

/* Begin XCBuildConfiguration section */
		DFF4FF302D898DE40006198E /* Debug */ = {
			isa = XCBuildConfiguration;
			buildSettings = {
				ALWAYS_SEARCH_USER_PATHS = NO;
				ASSETCATALOG_COMPILER_GENERATE_SWIFT_ASSET_SYMBOL_EXTENSIONS = YES;
				CLANG_ANALYZER_NONNULL = YES;
				CLANG_ANALYZER_NUMBER_OBJECT_CONVERSION = YES_AGGRESSIVE;
				CLANG_CXX_LANGUAGE_STANDARD = "gnu++20";
				CLANG_ENABLE_MODULES = YES;
				CLANG_ENABLE_OBJC_ARC = YES;
				CLANG_ENABLE_OBJC_WEAK = YES;
				CLANG_WARN_BLOCK_CAPTURE_AUTORELEASING = YES;
				CLANG_WARN_BOOL_CONVERSION = YES;
				CLANG_WARN_COMMA = YES;
				CLANG_WARN_CONSTANT_CONVERSION = YES;
				CLANG_WARN_DEPRECATED_OBJC_IMPLEMENTATIONS = YES;
				CLANG_WARN_DIRECT_OBJC_ISA_USAGE = YES_ERROR;
				CLANG_WARN_DOCUMENTATION_COMMENTS = YES;
				CLANG_WARN_EMPTY_BODY = YES;
				CLANG_WARN_ENUM_CONVERSION = YES;
				CLANG_WARN_INFINITE_RECURSION = YES;
				CLANG_WARN_INT_CONVERSION = YES;
				CLANG_WARN_NON_LITERAL_NULL_CONVERSION = YES;
				CLANG_WARN_OBJC_IMPLICIT_RETAIN_SELF = YES;
				CLANG_WARN_OBJC_LITERAL_CONVERSION = YES;
				CLANG_WARN_OBJC_ROOT_CLASS = YES_ERROR;
				CLANG_WARN_QUOTED_INCLUDE_IN_FRAMEWORK_HEADER = YES;
				CLANG_WARN_RANGE_LOOP_ANALYSIS = YES;
				CLANG_WARN_STRICT_PROTOTYPES = YES;
				CLANG_WARN_SUSPICIOUS_MOVE = YES;
				CLANG_WARN_UNGUARDED_AVAILABILITY = YES_AGGRESSIVE;
				CLANG_WARN_UNREACHABLE_CODE = YES;
				CLANG_WARN__DUPLICATE_METHOD_MATCH = YES;
				COPY_PHASE_STRIP = NO;
				DEBUG_INFORMATION_FORMAT = dwarf;
				ENABLE_STRICT_OBJC_MSGSEND = YES;
				ENABLE_TESTABILITY = YES;
				ENABLE_USER_SCRIPT_SANDBOXING = YES;
				GCC_C_LANGUAGE_STANDARD = gnu17;
				GCC_DYNAMIC_NO_PIC = NO;
				GCC_NO_COMMON_BLOCKS = YES;
				GCC_OPTIMIZATION_LEVEL = 0;
				GCC_PREPROCESSOR_DEFINITIONS = (
					"DEBUG=1",
					"$(inherited)",
				);
				GCC_WARN_64_TO_32_BIT_CONVERSION = YES;
				GCC_WARN_ABOUT_RETURN_TYPE = YES_ERROR;
				GCC_WARN_UNDECLARED_SELECTOR = YES;
				GCC_WARN_UNINITIALIZED_AUTOS = YES_AGGRESSIVE;
				GCC_WARN_UNUSED_FUNCTION = YES;
				GCC_WARN_UNUSED_VARIABLE = YES;
				LOCALIZATION_PREFERS_STRING_CATALOGS = YES;
				MTL_ENABLE_DEBUG_INFO = INCLUDE_SOURCE;
				MTL_FAST_MATH = YES;
				ONLY_ACTIVE_ARCH = YES;
				SWIFT_ACTIVE_COMPILATION_CONDITIONS = "DEBUG $(inherited)";
				SWIFT_OPTIMIZATION_LEVEL = "-Onone";
			};
			name = Debug;
		};
		DFF4FF312D898DE40006198E /* Release */ = {
			isa = XCBuildConfiguration;
			buildSettings = {
				ALWAYS_SEARCH_USER_PATHS = NO;
				ASSETCATALOG_COMPILER_GENERATE_SWIFT_ASSET_SYMBOL_EXTENSIONS = YES;
				CLANG_ANALYZER_NONNULL = YES;
				CLANG_ANALYZER_NUMBER_OBJECT_CONVERSION = YES_AGGRESSIVE;
				CLANG_CXX_LANGUAGE_STANDARD = "gnu++20";
				CLANG_ENABLE_MODULES = YES;
				CLANG_ENABLE_OBJC_ARC = YES;
				CLANG_ENABLE_OBJC_WEAK = YES;
				CLANG_WARN_BLOCK_CAPTURE_AUTORELEASING = YES;
				CLANG_WARN_BOOL_CONVERSION = YES;
				CLANG_WARN_COMMA = YES;
				CLANG_WARN_CONSTANT_CONVERSION = YES;
				CLANG_WARN_DEPRECATED_OBJC_IMPLEMENTATIONS = YES;
				CLANG_WARN_DIRECT_OBJC_ISA_USAGE = YES_ERROR;
				CLANG_WARN_DOCUMENTATION_COMMENTS = YES;
				CLANG_WARN_EMPTY_BODY = YES;
				CLANG_WARN_ENUM_CONVERSION = YES;
				CLANG_WARN_INFINITE_RECURSION = YES;
				CLANG_WARN_INT_CONVERSION = YES;
				CLANG_WARN_NON_LITERAL_NULL_CONVERSION = YES;
				CLANG_WARN_OBJC_IMPLICIT_RETAIN_SELF = YES;
				CLANG_WARN_OBJC_LITERAL_CONVERSION = YES;
				CLANG_WARN_OBJC_ROOT_CLASS = YES_ERROR;
				CLANG_WARN_QUOTED_INCLUDE_IN_FRAMEWORK_HEADER = YES;
				CLANG_WARN_RANGE_LOOP_ANALYSIS = YES;
				CLANG_WARN_STRICT_PROTOTYPES = YES;
				CLANG_WARN_SUSPICIOUS_MOVE = YES;
				CLANG_WARN_UNGUARDED_AVAILABILITY = YES_AGGRESSIVE;
				CLANG_WARN_UNREACHABLE_CODE = YES;
				CLANG_WARN__DUPLICATE_METHOD_MATCH = YES;
				COPY_PHASE_STRIP = NO;
				DEBUG_INFORMATION_FORMAT = "dwarf-with-dsym";
				ENABLE_NS_ASSERTIONS = NO;
				ENABLE_STRICT_OBJC_MSGSEND = YES;
				ENABLE_USER_SCRIPT_SANDBOXING = YES;
				GCC_C_LANGUAGE_STANDARD = gnu17;
				GCC_NO_COMMON_BLOCKS = YES;
				GCC_WARN_64_TO_32_BIT_CONVERSION = YES;
				GCC_WARN_ABOUT_RETURN_TYPE = YES_ERROR;
				GCC_WARN_UNDECLARED_SELECTOR = YES;
				GCC_WARN_UNINITIALIZED_AUTOS = YES_AGGRESSIVE;
				GCC_WARN_UNUSED_FUNCTION = YES;
				GCC_WARN_UNUSED_VARIABLE = YES;
				LOCALIZATION_PREFERS_STRING_CATALOGS = YES;
				MTL_ENABLE_DEBUG_INFO = NO;
				MTL_FAST_MATH = YES;
				SWIFT_COMPILATION_MODE = wholemodule;
			};
			name = Release;
		};
		DFF4FF332D898DE40006198E /* Debug */ = {
			isa = XCBuildConfiguration;
			buildSettings = {
				ASSETCATALOG_COMPILER_APPICON_NAME = AppIcon;
				ASSETCATALOG_COMPILER_GLOBAL_ACCENT_COLOR_NAME = AccentColor;
				CLANG_ENABLE_MODULES = YES;
				CODE_SIGN_ENTITLEMENTS = dev/dev.entitlements;
				CODE_SIGN_IDENTITY = "Apple Development";
				CODE_SIGN_STYLE = Automatic;
				CURRENT_PROJECT_VERSION = 1;
				DEVELOPMENT_ASSET_PATHS = "\"dev/Preview Content\"";
				DEVELOPMENT_TEAM = B7KB9M75TP;
				ENABLE_HARDENED_RUNTIME = YES;
				ENABLE_PREVIEWS = YES;
				GENERATE_INFOPLIST_FILE = YES;
				"INFOPLIST_KEY_UIApplicationSceneManifest_Generation[sdk=iphoneos*]" = YES;
				"INFOPLIST_KEY_UIApplicationSceneManifest_Generation[sdk=iphonesimulator*]" = YES;
				"INFOPLIST_KEY_UIApplicationSupportsIndirectInputEvents[sdk=iphoneos*]" = YES;
				"INFOPLIST_KEY_UIApplicationSupportsIndirectInputEvents[sdk=iphonesimulator*]" = YES;
				"INFOPLIST_KEY_UILaunchScreen_Generation[sdk=iphoneos*]" = YES;
				"INFOPLIST_KEY_UILaunchScreen_Generation[sdk=iphonesimulator*]" = YES;
				"INFOPLIST_KEY_UIStatusBarStyle[sdk=iphoneos*]" = UIStatusBarStyleDefault;
				"INFOPLIST_KEY_UIStatusBarStyle[sdk=iphonesimulator*]" = UIStatusBarStyleDefault;
				INFOPLIST_KEY_UISupportedInterfaceOrientations_iPad = "UIInterfaceOrientationPortrait UIInterfaceOrientationPortraitUpsideDown UIInterfaceOrientationLandscapeLeft UIInterfaceOrientationLandscapeRight";
				INFOPLIST_KEY_UISupportedInterfaceOrientations_iPhone = "UIInterfaceOrientationPortrait UIInterfaceOrientationLandscapeLeft UIInterfaceOrientationLandscapeRight";
				IPHONEOS_DEPLOYMENT_TARGET = 18.2;
				LD_RUNPATH_SEARCH_PATHS = "@executable_path/Frameworks";
				"LD_RUNPATH_SEARCH_PATHS[sdk=macosx*]" = "@executable_path/../Frameworks";
				MACOSX_DEPLOYMENT_TARGET = 15.2;
				MARKETING_VERSION = 1.0;
				PRODUCT_BUNDLE_IDENTIFIER = com.pearltrees.ipad.local;
				PRODUCT_NAME = "$(TARGET_NAME)";
				PROVISIONING_PROFILE_SPECIFIER = "";
				SDKROOT = auto;
				SUPPORTED_PLATFORMS = "iphoneos iphonesimulator macosx xros xrsimulator";
				SWIFT_EMIT_LOC_STRINGS = YES;
				SWIFT_OBJC_BRIDGING_HEADER = "dev-Bridging-Header.h";
				SWIFT_OPTIMIZATION_LEVEL = "-Onone";
				SWIFT_VERSION = 5.0;
				TARGETED_DEVICE_FAMILY = "1,2,7";
				XROS_DEPLOYMENT_TARGET = 2.2;
			};
			name = Debug;
		};
		DFF4FF342D898DE40006198E /* Release */ = {
			isa = XCBuildConfiguration;
			buildSettings = {
				ASSETCATALOG_COMPILER_APPICON_NAME = AppIcon;
				ASSETCATALOG_COMPILER_GLOBAL_ACCENT_COLOR_NAME = AccentColor;
				CLANG_ENABLE_MODULES = YES;
				CODE_SIGN_ENTITLEMENTS = dev/dev.entitlements;
				CODE_SIGN_IDENTITY = "Apple Development";
				CODE_SIGN_STYLE = Automatic;
				CURRENT_PROJECT_VERSION = 1;
				DEVELOPMENT_ASSET_PATHS = "\"dev/Preview Content\"";
				DEVELOPMENT_TEAM = B7KB9M75TP;
				ENABLE_HARDENED_RUNTIME = YES;
				ENABLE_PREVIEWS = YES;
				GENERATE_INFOPLIST_FILE = YES;
				"INFOPLIST_KEY_UIApplicationSceneManifest_Generation[sdk=iphoneos*]" = YES;
				"INFOPLIST_KEY_UIApplicationSceneManifest_Generation[sdk=iphonesimulator*]" = YES;
				"INFOPLIST_KEY_UIApplicationSupportsIndirectInputEvents[sdk=iphoneos*]" = YES;
				"INFOPLIST_KEY_UIApplicationSupportsIndirectInputEvents[sdk=iphonesimulator*]" = YES;
				"INFOPLIST_KEY_UILaunchScreen_Generation[sdk=iphoneos*]" = YES;
				"INFOPLIST_KEY_UILaunchScreen_Generation[sdk=iphonesimulator*]" = YES;
				"INFOPLIST_KEY_UIStatusBarStyle[sdk=iphoneos*]" = UIStatusBarStyleDefault;
				"INFOPLIST_KEY_UIStatusBarStyle[sdk=iphonesimulator*]" = UIStatusBarStyleDefault;
				INFOPLIST_KEY_UISupportedInterfaceOrientations_iPad = "UIInterfaceOrientationPortrait UIInterfaceOrientationPortraitUpsideDown UIInterfaceOrientationLandscapeLeft UIInterfaceOrientationLandscapeRight";
				INFOPLIST_KEY_UISupportedInterfaceOrientations_iPhone = "UIInterfaceOrientationPortrait UIInterfaceOrientationLandscapeLeft UIInterfaceOrientationLandscapeRight";
				IPHONEOS_DEPLOYMENT_TARGET = 18.2;
				LD_RUNPATH_SEARCH_PATHS = "@executable_path/Frameworks";
				"LD_RUNPATH_SEARCH_PATHS[sdk=macosx*]" = "@executable_path/../Frameworks";
				MACOSX_DEPLOYMENT_TARGET = 15.2;
				MARKETING_VERSION = 1.0;
				PRODUCT_BUNDLE_IDENTIFIER = com.pearltrees.ipad.local;
				PRODUCT_NAME = "$(TARGET_NAME)";
				PROVISIONING_PROFILE_SPECIFIER = "";
				SDKROOT = auto;
				SUPPORTED_PLATFORMS = "iphoneos iphonesimulator macosx xros xrsimulator";
				SWIFT_EMIT_LOC_STRINGS = YES;
				SWIFT_OBJC_BRIDGING_HEADER = "dev-Bridging-Header.h";
				SWIFT_VERSION = 5.0;
				TARGETED_DEVICE_FAMILY = "1,2,7";
				XROS_DEPLOYMENT_TARGET = 2.2;
			};
			name = Release;
		};
		DFF4FF362D898DE40006198E /* Debug */ = {
			isa = XCBuildConfiguration;
			buildSettings = {
				BUNDLE_LOADER = "$(TEST_HOST)";
				CODE_SIGN_STYLE = Automatic;
				CURRENT_PROJECT_VERSION = 1;
				DEVELOPMENT_TEAM = XX7KDR9558;
				GENERATE_INFOPLIST_FILE = YES;
				IPHONEOS_DEPLOYMENT_TARGET = 18.2;
				MACOSX_DEPLOYMENT_TARGET = 15.2;
				MARKETING_VERSION = 1.0;
				PRODUCT_BUNDLE_IDENTIFIER = com.pearltrees.ipad.devTests;
				PRODUCT_NAME = "$(TARGET_NAME)";
				SDKROOT = auto;
				SUPPORTED_PLATFORMS = "iphoneos iphonesimulator macosx xros xrsimulator";
				SWIFT_EMIT_LOC_STRINGS = NO;
				SWIFT_VERSION = 5.0;
				TARGETED_DEVICE_FAMILY = "1,2,7";
				TEST_HOST = "$(BUILT_PRODUCTS_DIR)/dev.app/$(BUNDLE_EXECUTABLE_FOLDER_PATH)/dev";
				XROS_DEPLOYMENT_TARGET = 2.2;
			};
			name = Debug;
		};
		DFF4FF372D898DE40006198E /* Release */ = {
			isa = XCBuildConfiguration;
			buildSettings = {
				BUNDLE_LOADER = "$(TEST_HOST)";
				CODE_SIGN_STYLE = Automatic;
				CURRENT_PROJECT_VERSION = 1;
				DEVELOPMENT_TEAM = XX7KDR9558;
				GENERATE_INFOPLIST_FILE = YES;
				IPHONEOS_DEPLOYMENT_TARGET = 18.2;
				MACOSX_DEPLOYMENT_TARGET = 15.2;
				MARKETING_VERSION = 1.0;
				PRODUCT_BUNDLE_IDENTIFIER = com.pearltrees.ipad.devTests;
				PRODUCT_NAME = "$(TARGET_NAME)";
				SDKROOT = auto;
				SUPPORTED_PLATFORMS = "iphoneos iphonesimulator macosx xros xrsimulator";
				SWIFT_EMIT_LOC_STRINGS = NO;
				SWIFT_VERSION = 5.0;
				TARGETED_DEVICE_FAMILY = "1,2,7";
				TEST_HOST = "$(BUILT_PRODUCTS_DIR)/dev.app/$(BUNDLE_EXECUTABLE_FOLDER_PATH)/dev";
				XROS_DEPLOYMENT_TARGET = 2.2;
			};
			name = Release;
		};
		DFF4FF392D898DE40006198E /* Debug */ = {
			isa = XCBuildConfiguration;
			buildSettings = {
				CODE_SIGN_STYLE = Automatic;
				CURRENT_PROJECT_VERSION = 1;
				DEVELOPMENT_TEAM = XX7KDR9558;
				GENERATE_INFOPLIST_FILE = YES;
				IPHONEOS_DEPLOYMENT_TARGET = 18.2;
				MACOSX_DEPLOYMENT_TARGET = 15.2;
				MARKETING_VERSION = 1.0;
				PRODUCT_BUNDLE_IDENTIFIER = com.pearltrees.ipad.devUITests;
				PRODUCT_NAME = "$(TARGET_NAME)";
				SDKROOT = auto;
				SUPPORTED_PLATFORMS = "iphoneos iphonesimulator macosx xros xrsimulator";
				SWIFT_EMIT_LOC_STRINGS = NO;
				SWIFT_VERSION = 5.0;
				TARGETED_DEVICE_FAMILY = "1,2,7";
				TEST_TARGET_NAME = dev;
				XROS_DEPLOYMENT_TARGET = 2.2;
			};
			name = Debug;
		};
		DFF4FF3A2D898DE40006198E /* Release */ = {
			isa = XCBuildConfiguration;
			buildSettings = {
				CODE_SIGN_STYLE = Automatic;
				CURRENT_PROJECT_VERSION = 1;
				DEVELOPMENT_TEAM = XX7KDR9558;
				GENERATE_INFOPLIST_FILE = YES;
				IPHONEOS_DEPLOYMENT_TARGET = 18.2;
				MACOSX_DEPLOYMENT_TARGET = 15.2;
				MARKETING_VERSION = 1.0;
				PRODUCT_BUNDLE_IDENTIFIER = com.pearltrees.ipad.devUITests;
				PRODUCT_NAME = "$(TARGET_NAME)";
				SDKROOT = auto;
				SUPPORTED_PLATFORMS = "iphoneos iphonesimulator macosx xros xrsimulator";
				SWIFT_EMIT_LOC_STRINGS = NO;
				SWIFT_VERSION = 5.0;
				TARGETED_DEVICE_FAMILY = "1,2,7";
				TEST_TARGET_NAME = dev;
				XROS_DEPLOYMENT_TARGET = 2.2;
			};
			name = Release;
		};
/* End XCBuildConfiguration section */

/* Begin XCConfigurationList section */
		DFF4FF082D898DE20006198E /* Build configuration list for PBXProject "dev" */ = {
			isa = XCConfigurationList;
			buildConfigurations = (
				DFF4FF302D898DE40006198E /* Debug */,
				DFF4FF312D898DE40006198E /* Release */,
			);
			defaultConfigurationIsVisible = 0;
			defaultConfigurationName = Release;
		};
		DFF4FF322D898DE40006198E /* Build configuration list for PBXNativeTarget "dev" */ = {
			isa = XCConfigurationList;
			buildConfigurations = (
				DFF4FF332D898DE40006198E /* Debug */,
				DFF4FF342D898DE40006198E /* Release */,
			);
			defaultConfigurationIsVisible = 0;
			defaultConfigurationName = Release;
		};
		DFF4FF352D898DE40006198E /* Build configuration list for PBXNativeTarget "devTests" */ = {
			isa = XCConfigurationList;
			buildConfigurations = (
				DFF4FF362D898DE40006198E /* Debug */,
				DFF4FF372D898DE40006198E /* Release */,
			);
			defaultConfigurationIsVisible = 0;
			defaultConfigurationName = Release;
		};
		DFF4FF382D898DE40006198E /* Build configuration list for PBXNativeTarget "devUITests" */ = {
			isa = XCConfigurationList;
			buildConfigurations = (
				DFF4FF392D898DE40006198E /* Debug */,
				DFF4FF3A2D898DE40006198E /* Release */,
			);
			defaultConfigurationIsVisible = 0;
			defaultConfigurationName = Release;
		};
/* End XCConfigurationList section */

/* Begin XCRemoteSwiftPackageReference section */
		DFF4FF412D898E5F0006198E /* XCRemoteSwiftPackageReference "PSPDFKit-SP" */ = {
			isa = XCRemoteSwiftPackageReference;
			repositoryURL = "https://github.com/PSPDFKit/PSPDFKit-SP";
			requirement = {
				kind = exactVersion;
				version = 12.3.1;
			};
		};
/* End XCRemoteSwiftPackageReference section */

/* Begin XCSwiftPackageProductDependency section */
		DFF4FF422D898E5F0006198E /* PSPDFKit */ = {
			isa = XCSwiftPackageProductDependency;
			package = DFF4FF412D898E5F0006198E /* XCRemoteSwiftPackageReference "PSPDFKit-SP" */;
			productName = PSPDFKit;
		};
/* End XCSwiftPackageProductDependency section */
	};
	rootObject = DFF4FF052D898DE20006198E /* Project object */;
}
